
Microsoft Visual Studio Solution File, Format Version 12.00
# Visual Studio 2012
Project("{FAE04EC0-301F-11D3-BF4B-00C04F79EFBC}") = "NaturalSoftware.Kinect", "NaturalSoftware.Kinect\NaturalSoftware.Kinect.csproj", "{630B0E8F-557E-4A7F-BAD1-2CEB9F98DC0E}"
EndProject
Project("{FAE04EC0-301F-11D3-BF4B-00C04F79EFBC}") = "NaturalSoftware.Kinect.TestApp", "NaturalSoftware.Kinect.TestApp\NaturalSoftware.Kinect.TestApp.csproj", "{7458A98C-A1DC-4C3F-90C0-303E327D5344}"
EndProject
Global
	GlobalSection(SolutionConfigurationPlatforms) = preSolution
		Debug|Any CPU = Debug|Any CPU
		Debug|x86 = Debug|x86
		Release|Any CPU = Release|Any CPU
		Release|x86 = Release|x86
	EndGlobalSection
	GlobalSection(ProjectConfigurationPlatforms) = postSolution
		{630B0E8F-557E-4A7F-BAD1-2CEB9F98DC0E}.Debug|Any CPU.ActiveCfg = Debug|Any CPU
		{630B0E8F-557E-4A7F-BAD1-2CEB9F98DC0E}.Debug|Any CPU.Build.0 = Debug|Any CPU
		{630B0E8F-557E-4A7F-BAD1-2CEB9F98DC0E}.Debug|x86.ActiveCfg = Debug|Any CPU
		{630B0E8F-557E-4A7F-BAD1-2CEB9F98DC0E}.Release|Any CPU.ActiveCfg = Release|Any CPU
		{630B0E8F-557E-4A7F-BAD1-2CEB9F98DC0E}.Release|Any CPU.Build.0 = Release|Any CPU
		{630B0E8F-557E-4A7F-BAD1-2CEB9F98DC0E}.Release|x86.ActiveCfg = Release|Any CPU
		{7458A98C-A1DC-4C3F-90C0-303E327D5344}.Debug|Any CPU.ActiveCfg = Debug|Any CPU
		{7458A98C-A1DC-4C3F-90C0-303E327D5344}.Debug|Any CPU.Build.0 = Debug|Any CPU
		{7458A98C-A1DC-4C3F-90C0-303E327D5344}.Debug|x86.ActiveCfg = Debug|x86
		{7458A98C-A1DC-4C3F-90C0-303E327D5344}.Debug|x86.Build.0 = Debug|x86
		{7458A98C-A1DC-4C3F-90C0-303E327D5344}.Release|Any CPU.ActiveCfg = Release|Any CPU
		{7458A98C-A1DC-4C3F-90C0-303E327D5344}.Release|Any CPU.Build.0 = Release|Any CPU
		{7458A98C-A1DC-4C3F-90C0-303E327D5344}.Release|x86.ActiveCfg = Release|x86
		{7458A98C-A1DC-4C3F-90C0-303E327D5344}.Release|x86.Build.0 = Release|x86
	EndGlobalSection
	GlobalSection(SolutionProperties) = preSolution
		HideSolutionNode = FALSE
	EndGlobalSection
EndGlobal
